// !$*UTF8*$!
{
	archiveVersion = 1;
	classes = {
	};
	objectVersion = 56;
	objects = {

/* Begin PBXBuildFile section */
		DF06826D2A199A8B00BE72B5 /* LocationManager.swift in Sources */ = {isa = PBXBuildFile; fileRef = DF06826C2A199A8B00BE72B5 /* LocationManager.swift */; };
		DF0682702A1BF74000BE72B5 /* Point.swift in Sources */ = {isa = PBXBuildFile; fileRef = DF06826F2A1BF74000BE72B5 /* Point.swift */; };
		DF0682742A1BFA1000BE72B5 /* AddPointViewController.swift in Sources */ = {isa = PBXBuildFile; fileRef = DF0682722A1BFA1000BE72B5 /* AddPointViewController.swift */; };
		DF0682772A1D562300BE72B5 /* AddPointViewController.storyboard in Resources */ = {isa = PBXBuildFile; fileRef = DF0682762A1D562300BE72B5 /* AddPointViewController.storyboard */; };
		DF0682792A1D825500BE72B5 /* PointManager.swift in Sources */ = {isa = PBXBuildFile; fileRef = DF0682782A1D825500BE72B5 /* PointManager.swift */; };
		DF06827C2A2168F200BE72B5 /* FirebaseManager.swift in Sources */ = {isa = PBXBuildFile; fileRef = DF06827B2A2168F200BE72B5 /* FirebaseManager.swift */; };
		DF28191B29CFC0200096E0AC /* RegistrationViewController.swift in Sources */ = {isa = PBXBuildFile; fileRef = DF28191A29CFC0200096E0AC /* RegistrationViewController.swift */; };
		DF28191D29CFC09C0096E0AC /* MapViewController.swift in Sources */ = {isa = PBXBuildFile; fileRef = DF28191C29CFC09C0096E0AC /* MapViewController.swift */; };
		DF3C5BF729F298FA0079D1DC /* SettingsViewController.swift in Sources */ = {isa = PBXBuildFile; fileRef = DF3C5BF629F298FA0079D1DC /* SettingsViewController.swift */; };
		DF3C5BF929F299050079D1DC /* FavouritesViewController.swift in Sources */ = {isa = PBXBuildFile; fileRef = DF3C5BF829F299050079D1DC /* FavouritesViewController.swift */; };
		DF3C5BFC29F29A780079D1DC /* FavouritesViewController.storyboard in Resources */ = {isa = PBXBuildFile; fileRef = DF3C5BFB29F29A780079D1DC /* FavouritesViewController.storyboard */; };
		DF3C5BFF29F425F20079D1DC /* SettingsViewController.storyboard in Resources */ = {isa = PBXBuildFile; fileRef = DF3C5BFE29F425F20079D1DC /* SettingsViewController.storyboard */; };
		DF5AC66C2A13E90100D1EBE6 /* GoogleService-Info.plist in Resources */ = {isa = PBXBuildFile; fileRef = DF5AC66B2A13E90100D1EBE6 /* GoogleService-Info.plist */; };
		DF5AC66F2A13EA4500D1EBE6 /* FirebaseAnalytics in Frameworks */ = {isa = PBXBuildFile; productRef = DF5AC66E2A13EA4500D1EBE6 /* FirebaseAnalytics */; };
		DF5AC6712A13EA4500D1EBE6 /* FirebaseAnalyticsOnDeviceConversion in Frameworks */ = {isa = PBXBuildFile; productRef = DF5AC6702A13EA4500D1EBE6 /* FirebaseAnalyticsOnDeviceConversion */; };
		DF5AC6732A13EA4500D1EBE6 /* FirebaseAnalyticsSwift in Frameworks */ = {isa = PBXBuildFile; productRef = DF5AC6722A13EA4500D1EBE6 /* FirebaseAnalyticsSwift */; };
		DF5AC6752A13EA4500D1EBE6 /* FirebaseAnalyticsWithoutAdIdSupport in Frameworks */ = {isa = PBXBuildFile; productRef = DF5AC6742A13EA4500D1EBE6 /* FirebaseAnalyticsWithoutAdIdSupport */; };
		DF5AC6772A13EA4500D1EBE6 /* FirebaseAppCheck in Frameworks */ = {isa = PBXBuildFile; productRef = DF5AC6762A13EA4500D1EBE6 /* FirebaseAppCheck */; };
		DF5AC6792A13EA4500D1EBE6 /* FirebaseAppDistribution-Beta in Frameworks */ = {isa = PBXBuildFile; productRef = DF5AC6782A13EA4500D1EBE6 /* FirebaseAppDistribution-Beta */; };
		DF5AC67B2A13EA4500D1EBE6 /* FirebaseAuth in Frameworks */ = {isa = PBXBuildFile; productRef = DF5AC67A2A13EA4500D1EBE6 /* FirebaseAuth */; };
		DF5AC67D2A13EA4500D1EBE6 /* FirebaseAuthCombine-Community in Frameworks */ = {isa = PBXBuildFile; productRef = DF5AC67C2A13EA4500D1EBE6 /* FirebaseAuthCombine-Community */; };
		DF5AC67F2A13EA4500D1EBE6 /* FirebaseCrashlytics in Frameworks */ = {isa = PBXBuildFile; productRef = DF5AC67E2A13EA4500D1EBE6 /* FirebaseCrashlytics */; };
		DF5AC6812A13EA4500D1EBE6 /* FirebaseDatabase in Frameworks */ = {isa = PBXBuildFile; productRef = DF5AC6802A13EA4500D1EBE6 /* FirebaseDatabase */; };
		DF5AC6832A13EA4500D1EBE6 /* FirebaseDatabaseSwift in Frameworks */ = {isa = PBXBuildFile; productRef = DF5AC6822A13EA4500D1EBE6 /* FirebaseDatabaseSwift */; };
		DF5AC6852A13EA4500D1EBE6 /* FirebaseDynamicLinks in Frameworks */ = {isa = PBXBuildFile; productRef = DF5AC6842A13EA4500D1EBE6 /* FirebaseDynamicLinks */; };
		DF5AC6872A13EA4500D1EBE6 /* FirebaseFirestore in Frameworks */ = {isa = PBXBuildFile; productRef = DF5AC6862A13EA4500D1EBE6 /* FirebaseFirestore */; };
		DF5AC6892A13EA4500D1EBE6 /* FirebaseFirestoreCombine-Community in Frameworks */ = {isa = PBXBuildFile; productRef = DF5AC6882A13EA4500D1EBE6 /* FirebaseFirestoreCombine-Community */; };
		DF5AC68B2A13EA4500D1EBE6 /* FirebaseFirestoreSwift in Frameworks */ = {isa = PBXBuildFile; productRef = DF5AC68A2A13EA4500D1EBE6 /* FirebaseFirestoreSwift */; };
		DF5AC68D2A13EA4500D1EBE6 /* FirebaseFunctions in Frameworks */ = {isa = PBXBuildFile; productRef = DF5AC68C2A13EA4500D1EBE6 /* FirebaseFunctions */; };
		DF5AC68F2A13EA4500D1EBE6 /* FirebaseFunctionsCombine-Community in Frameworks */ = {isa = PBXBuildFile; productRef = DF5AC68E2A13EA4500D1EBE6 /* FirebaseFunctionsCombine-Community */; };
		DF5AC6912A13EA4500D1EBE6 /* FirebaseInAppMessaging-Beta in Frameworks */ = {isa = PBXBuildFile; productRef = DF5AC6902A13EA4500D1EBE6 /* FirebaseInAppMessaging-Beta */; };
		DF5AC6932A13EA4500D1EBE6 /* FirebaseInAppMessagingSwift-Beta in Frameworks */ = {isa = PBXBuildFile; productRef = DF5AC6922A13EA4500D1EBE6 /* FirebaseInAppMessagingSwift-Beta */; };
		DF5AC6952A13EA4500D1EBE6 /* FirebaseInstallations in Frameworks */ = {isa = PBXBuildFile; productRef = DF5AC6942A13EA4500D1EBE6 /* FirebaseInstallations */; };
		DF5AC6972A13EA4500D1EBE6 /* FirebaseMLModelDownloader in Frameworks */ = {isa = PBXBuildFile; productRef = DF5AC6962A13EA4500D1EBE6 /* FirebaseMLModelDownloader */; };
		DF5AC6992A13EA4500D1EBE6 /* FirebaseMessaging in Frameworks */ = {isa = PBXBuildFile; productRef = DF5AC6982A13EA4500D1EBE6 /* FirebaseMessaging */; };
		DF5AC69B2A13EA4500D1EBE6 /* FirebasePerformance in Frameworks */ = {isa = PBXBuildFile; productRef = DF5AC69A2A13EA4500D1EBE6 /* FirebasePerformance */; };
		DF5AC69D2A13EA4500D1EBE6 /* FirebaseRemoteConfig in Frameworks */ = {isa = PBXBuildFile; productRef = DF5AC69C2A13EA4500D1EBE6 /* FirebaseRemoteConfig */; };
		DF5AC69F2A13EA4500D1EBE6 /* FirebaseRemoteConfigSwift in Frameworks */ = {isa = PBXBuildFile; productRef = DF5AC69E2A13EA4500D1EBE6 /* FirebaseRemoteConfigSwift */; };
		DF5AC6A12A13EA4500D1EBE6 /* FirebaseStorage in Frameworks */ = {isa = PBXBuildFile; productRef = DF5AC6A02A13EA4500D1EBE6 /* FirebaseStorage */; };
		DF5AC6A32A13EA4500D1EBE6 /* FirebaseStorageCombine-Community in Frameworks */ = {isa = PBXBuildFile; productRef = DF5AC6A22A13EA4500D1EBE6 /* FirebaseStorageCombine-Community */; };
		DF7CD22B2A08303F00FDC621 /* LabeledTextfield.swift in Sources */ = {isa = PBXBuildFile; fileRef = DF7CD22A2A08303F00FDC621 /* LabeledTextfield.swift */; };
		DF7CD22D2A08305200FDC621 /* LabeledTextfield.xib in Resources */ = {isa = PBXBuildFile; fileRef = DF7CD22C2A08305200FDC621 /* LabeledTextfield.xib */; };
		DF7CD2342A0833D100FDC621 /* FavouritesPostCell.xib in Resources */ = {isa = PBXBuildFile; fileRef = DF7CD2322A0833D100FDC621 /* FavouritesPostCell.xib */; };
		DF7CD2362A0FC96900FDC621 /* UIView+Extensions.swift in Sources */ = {isa = PBXBuildFile; fileRef = DF7CD2352A0FC96900FDC621 /* UIView+Extensions.swift */; };
		DF8A6BA129F49E8A006C4646 /* MapViewController.storyboard in Resources */ = {isa = PBXBuildFile; fileRef = DF8A6BA029F49E8A006C4646 /* MapViewController.storyboard */; };
		DF8A6BA329F4A4B2006C4646 /* Registration.storyboard in Resources */ = {isa = PBXBuildFile; fileRef = DF8A6BA229F4A4B2006C4646 /* Registration.storyboard */; };
		DF8A6BA529F4A4E8006C4646 /* LogIn.storyboard in Resources */ = {isa = PBXBuildFile; fileRef = DF8A6BA429F4A4E8006C4646 /* LogIn.storyboard */; };
		DFB004EA29FED03400B2943E /* FavouritesPostCell.swift in Sources */ = {isa = PBXBuildFile; fileRef = DFB004E929FED03400B2943E /* FavouritesPostCell.swift */; };
		DFB004EE29FF348A00B2943E /* PointDetailsViewController.storyboard in Resources */ = {isa = PBXBuildFile; fileRef = DFB004ED29FF348A00B2943E /* PointDetailsViewController.storyboard */; };
		DFB004F029FF34B000B2943E /* PointDetailsViewController.swift in Sources */ = {isa = PBXBuildFile; fileRef = DFB004EF29FF34B000B2943E /* PointDetailsViewController.swift */; };
		DFC9F6B829C9FF1700B8BCE6 /* AppDelegate.swift in Sources */ = {isa = PBXBuildFile; fileRef = DFC9F6B729C9FF1700B8BCE6 /* AppDelegate.swift */; };
		DFC9F6BA29C9FF1700B8BCE6 /* SceneDelegate.swift in Sources */ = {isa = PBXBuildFile; fileRef = DFC9F6B929C9FF1700B8BCE6 /* SceneDelegate.swift */; };
		DFC9F6BC29C9FF1700B8BCE6 /* LoginViewController.swift in Sources */ = {isa = PBXBuildFile; fileRef = DFC9F6BB29C9FF1700B8BCE6 /* LoginViewController.swift */; };
		DFC9F6C129C9FF1800B8BCE6 /* Assets.xcassets in Resources */ = {isa = PBXBuildFile; fileRef = DFC9F6C029C9FF1800B8BCE6 /* Assets.xcassets */; };
		DFC9F6C429C9FF1800B8BCE6 /* LaunchScreen.storyboard in Resources */ = {isa = PBXBuildFile; fileRef = DFC9F6C229C9FF1800B8BCE6 /* LaunchScreen.storyboard */; };
		DFCD9A3729F696BE00D7A3EF /* UIViewController+Extension.swift in Sources */ = {isa = PBXBuildFile; fileRef = DFCD9A3629F696BE00D7A3EF /* UIViewController+Extension.swift */; };
		DFCD9A3929FA990700D7A3EF /* CustomTabBarController.swift in Sources */ = {isa = PBXBuildFile; fileRef = DFCD9A3829FA990700D7A3EF /* CustomTabBarController.swift */; };
/* End PBXBuildFile section */

/* Begin PBXFileReference section */
		DF06826C2A199A8B00BE72B5 /* LocationManager.swift */ = {isa = PBXFileReference; lastKnownFileType = sourcecode.swift; path = LocationManager.swift; sourceTree = "<group>"; };
		DF06826F2A1BF74000BE72B5 /* Point.swift */ = {isa = PBXFileReference; lastKnownFileType = sourcecode.swift; path = Point.swift; sourceTree = "<group>"; };
		DF0682722A1BFA1000BE72B5 /* AddPointViewController.swift */ = {isa = PBXFileReference; lastKnownFileType = sourcecode.swift; path = AddPointViewController.swift; sourceTree = "<group>"; };
		DF0682762A1D562300BE72B5 /* AddPointViewController.storyboard */ = {isa = PBXFileReference; lastKnownFileType = file.storyboard; path = AddPointViewController.storyboard; sourceTree = "<group>"; };
		DF0682782A1D825500BE72B5 /* PointManager.swift */ = {isa = PBXFileReference; lastKnownFileType = sourcecode.swift; path = PointManager.swift; sourceTree = "<group>"; };
		DF06827B2A2168F200BE72B5 /* FirebaseManager.swift */ = {isa = PBXFileReference; lastKnownFileType = sourcecode.swift; path = FirebaseManager.swift; sourceTree = "<group>"; };
		DF28191A29CFC0200096E0AC /* RegistrationViewController.swift */ = {isa = PBXFileReference; lastKnownFileType = sourcecode.swift; path = RegistrationViewController.swift; sourceTree = "<group>"; };
		DF28191C29CFC09C0096E0AC /* MapViewController.swift */ = {isa = PBXFileReference; lastKnownFileType = sourcecode.swift; path = MapViewController.swift; sourceTree = "<group>"; };
		DF3C5BF629F298FA0079D1DC /* SettingsViewController.swift */ = {isa = PBXFileReference; fileEncoding = 4; lastKnownFileType = sourcecode.swift; path = SettingsViewController.swift; sourceTree = "<group>"; };
		DF3C5BF829F299050079D1DC /* FavouritesViewController.swift */ = {isa = PBXFileReference; fileEncoding = 4; lastKnownFileType = sourcecode.swift; path = FavouritesViewController.swift; sourceTree = "<group>"; };
		DF3C5BFB29F29A780079D1DC /* FavouritesViewController.storyboard */ = {isa = PBXFileReference; lastKnownFileType = file.storyboard; path = FavouritesViewController.storyboard; sourceTree = "<group>"; };
		DF3C5BFE29F425F20079D1DC /* SettingsViewController.storyboard */ = {isa = PBXFileReference; lastKnownFileType = file.storyboard; path = SettingsViewController.storyboard; sourceTree = "<group>"; };
		DF5AC66B2A13E90100D1EBE6 /* GoogleService-Info.plist */ = {isa = PBXFileReference; fileEncoding = 4; lastKnownFileType = text.plist.xml; path = "GoogleService-Info.plist"; sourceTree = "<group>"; };
		DF7CD22A2A08303F00FDC621 /* LabeledTextfield.swift */ = {isa = PBXFileReference; lastKnownFileType = sourcecode.swift; path = LabeledTextfield.swift; sourceTree = "<group>"; };
		DF7CD22C2A08305200FDC621 /* LabeledTextfield.xib */ = {isa = PBXFileReference; lastKnownFileType = file.xib; path = LabeledTextfield.xib; sourceTree = "<group>"; };
		DF7CD2322A0833D100FDC621 /* FavouritesPostCell.xib */ = {isa = PBXFileReference; lastKnownFileType = file.xib; path = FavouritesPostCell.xib; sourceTree = "<group>"; };
		DF7CD2352A0FC96900FDC621 /* UIView+Extensions.swift */ = {isa = PBXFileReference; lastKnownFileType = sourcecode.swift; path = "UIView+Extensions.swift"; sourceTree = "<group>"; };
		DF8A6BA029F49E8A006C4646 /* MapViewController.storyboard */ = {isa = PBXFileReference; lastKnownFileType = file.storyboard; path = MapViewController.storyboard; sourceTree = "<group>"; };
		DF8A6BA229F4A4B2006C4646 /* Registration.storyboard */ = {isa = PBXFileReference; lastKnownFileType = file.storyboard; path = Registration.storyboard; sourceTree = "<group>"; };
		DF8A6BA429F4A4E8006C4646 /* LogIn.storyboard */ = {isa = PBXFileReference; lastKnownFileType = file.storyboard; path = LogIn.storyboard; sourceTree = "<group>"; };
		DFB004E929FED03400B2943E /* FavouritesPostCell.swift */ = {isa = PBXFileReference; lastKnownFileType = sourcecode.swift; path = FavouritesPostCell.swift; sourceTree = "<group>"; };
		DFB004ED29FF348A00B2943E /* PointDetailsViewController.storyboard */ = {isa = PBXFileReference; lastKnownFileType = file.storyboard; path = PointDetailsViewController.storyboard; sourceTree = "<group>"; };
		DFB004EF29FF34B000B2943E /* PointDetailsViewController.swift */ = {isa = PBXFileReference; lastKnownFileType = sourcecode.swift; path = PointDetailsViewController.swift; sourceTree = "<group>"; };
		DFC9F6B429C9FF1700B8BCE6 /* RoadFeatures.app */ = {isa = PBXFileReference; explicitFileType = wrapper.application; includeInIndex = 0; path = RoadFeatures.app; sourceTree = BUILT_PRODUCTS_DIR; };
		DFC9F6B729C9FF1700B8BCE6 /* AppDelegate.swift */ = {isa = PBXFileReference; lastKnownFileType = sourcecode.swift; path = AppDelegate.swift; sourceTree = "<group>"; };
		DFC9F6B929C9FF1700B8BCE6 /* SceneDelegate.swift */ = {isa = PBXFileReference; lastKnownFileType = sourcecode.swift; path = SceneDelegate.swift; sourceTree = "<group>"; };
		DFC9F6BB29C9FF1700B8BCE6 /* LoginViewController.swift */ = {isa = PBXFileReference; lastKnownFileType = sourcecode.swift; path = LoginViewController.swift; sourceTree = "<group>"; };
		DFC9F6C029C9FF1800B8BCE6 /* Assets.xcassets */ = {isa = PBXFileReference; lastKnownFileType = folder.assetcatalog; path = Assets.xcassets; sourceTree = "<group>"; };
		DFC9F6C329C9FF1800B8BCE6 /* Base */ = {isa = PBXFileReference; lastKnownFileType = file.storyboard; name = Base; path = Base.lproj/LaunchScreen.storyboard; sourceTree = "<group>"; };
		DFC9F6C529C9FF1800B8BCE6 /* Info.plist */ = {isa = PBXFileReference; lastKnownFileType = text.plist.xml; path = Info.plist; sourceTree = "<group>"; };
		DFCD9A3629F696BE00D7A3EF /* UIViewController+Extension.swift */ = {isa = PBXFileReference; lastKnownFileType = sourcecode.swift; path = "UIViewController+Extension.swift"; sourceTree = "<group>"; };
		DFCD9A3829FA990700D7A3EF /* CustomTabBarController.swift */ = {isa = PBXFileReference; lastKnownFileType = sourcecode.swift; path = CustomTabBarController.swift; sourceTree = "<group>"; };
/* End PBXFileReference section */

/* Begin PBXFrameworksBuildPhase section */
		DFC9F6B129C9FF1700B8BCE6 /* Frameworks */ = {
			isa = PBXFrameworksBuildPhase;
			buildActionMask = 2147483647;
			files = (
				DF5AC6812A13EA4500D1EBE6 /* FirebaseDatabase in Frameworks */,
				DF5AC68F2A13EA4500D1EBE6 /* FirebaseFunctionsCombine-Community in Frameworks */,
				DF5AC6872A13EA4500D1EBE6 /* FirebaseFirestore in Frameworks */,
				DF5AC6732A13EA4500D1EBE6 /* FirebaseAnalyticsSwift in Frameworks */,
				DF5AC66F2A13EA4500D1EBE6 /* FirebaseAnalytics in Frameworks */,
				DF5AC6712A13EA4500D1EBE6 /* FirebaseAnalyticsOnDeviceConversion in Frameworks */,
				DF5AC6972A13EA4500D1EBE6 /* FirebaseMLModelDownloader in Frameworks */,
				DF5AC68B2A13EA4500D1EBE6 /* FirebaseFirestoreSwift in Frameworks */,
				DF5AC6772A13EA4500D1EBE6 /* FirebaseAppCheck in Frameworks */,
				DF5AC6752A13EA4500D1EBE6 /* FirebaseAnalyticsWithoutAdIdSupport in Frameworks */,
				DF5AC67B2A13EA4500D1EBE6 /* FirebaseAuth in Frameworks */,
				DF5AC67F2A13EA4500D1EBE6 /* FirebaseCrashlytics in Frameworks */,
				DF5AC69F2A13EA4500D1EBE6 /* FirebaseRemoteConfigSwift in Frameworks */,
				DF5AC6912A13EA4500D1EBE6 /* FirebaseInAppMessaging-Beta in Frameworks */,
				DF5AC6832A13EA4500D1EBE6 /* FirebaseDatabaseSwift in Frameworks */,
				DF5AC68D2A13EA4500D1EBE6 /* FirebaseFunctions in Frameworks */,
				DF5AC6A32A13EA4500D1EBE6 /* FirebaseStorageCombine-Community in Frameworks */,
				DF5AC69D2A13EA4500D1EBE6 /* FirebaseRemoteConfig in Frameworks */,
				DF5AC6792A13EA4500D1EBE6 /* FirebaseAppDistribution-Beta in Frameworks */,
				DF5AC67D2A13EA4500D1EBE6 /* FirebaseAuthCombine-Community in Frameworks */,
				DF5AC69B2A13EA4500D1EBE6 /* FirebasePerformance in Frameworks */,
				DF5AC6932A13EA4500D1EBE6 /* FirebaseInAppMessagingSwift-Beta in Frameworks */,
				DF5AC6A12A13EA4500D1EBE6 /* FirebaseStorage in Frameworks */,
				DF5AC6852A13EA4500D1EBE6 /* FirebaseDynamicLinks in Frameworks */,
				DF5AC6892A13EA4500D1EBE6 /* FirebaseFirestoreCombine-Community in Frameworks */,
				DF5AC6992A13EA4500D1EBE6 /* FirebaseMessaging in Frameworks */,
				DF5AC6952A13EA4500D1EBE6 /* FirebaseInstallations in Frameworks */,
			);
			runOnlyForDeploymentPostprocessing = 0;
		};
/* End PBXFrameworksBuildPhase section */

/* Begin PBXGroup section */
		DF06826E2A1BF72C00BE72B5 /* Models */ = {
			isa = PBXGroup;
			children = (
				DF06826F2A1BF74000BE72B5 /* Point.swift */,
			);
			path = Models;
			sourceTree = "<group>";
		};
		DF0682712A1BF9EB00BE72B5 /* AddPoint */ = {
			isa = PBXGroup;
			children = (
				DF0682722A1BFA1000BE72B5 /* AddPointViewController.swift */,
				DF0682762A1D562300BE72B5 /* AddPointViewController.storyboard */,
			);
			path = AddPoint;
			sourceTree = "<group>";
		};
		DF06827A2A1FE50A00BE72B5 /* Managers */ = {
			isa = PBXGroup;
			children = (
				DF0682782A1D825500BE72B5 /* PointManager.swift */,
				DF06827B2A2168F200BE72B5 /* FirebaseManager.swift */,
			);
			path = Managers;
			sourceTree = "<group>";
		};
		DF3C5BFA29F299820079D1DC /* Favourites */ = {
			isa = PBXGroup;
			children = (
				DF7CD22E2A08334B00FDC621 /* Cell */,
				DF3C5BF829F299050079D1DC /* FavouritesViewController.swift */,
				DF3C5BFB29F29A780079D1DC /* FavouritesViewController.storyboard */,
			);
			path = Favourites;
			sourceTree = "<group>";
		};
		DF3C5BFD29F425C30079D1DC /* Settings */ = {
			isa = PBXGroup;
			children = (
				DF3C5BF629F298FA0079D1DC /* SettingsViewController.swift */,
				DF3C5BFE29F425F20079D1DC /* SettingsViewController.storyboard */,
			);
			path = Settings;
			sourceTree = "<group>";
		};
		DF3C5C0029F49CAE0079D1DC /* LogIn */ = {
			isa = PBXGroup;
			children = (
				DFC9F6BB29C9FF1700B8BCE6 /* LoginViewController.swift */,
				DF8A6BA429F4A4E8006C4646 /* LogIn.storyboard */,
			);
			path = LogIn;
			sourceTree = "<group>";
		};
		DF3C5C0129F49CC10079D1DC /* Registration */ = {
			isa = PBXGroup;
			children = (
				DF28191A29CFC0200096E0AC /* RegistrationViewController.swift */,
				DF8A6BA229F4A4B2006C4646 /* Registration.storyboard */,
			);
			path = Registration;
			sourceTree = "<group>";
		};
		DF3C5C0229F49DA50079D1DC /* Map */ = {
			isa = PBXGroup;
			children = (
				DF28191C29CFC09C0096E0AC /* MapViewController.swift */,
				DF8A6BA029F49E8A006C4646 /* MapViewController.storyboard */,
				DF06826C2A199A8B00BE72B5 /* LocationManager.swift */,
			);
			path = Map;
			sourceTree = "<group>";
		};
		DF7CD2292A082FDD00FDC621 /* UIElements */ = {
			isa = PBXGroup;
			children = (
				DF7CD22A2A08303F00FDC621 /* LabeledTextfield.swift */,
				DF7CD22C2A08305200FDC621 /* LabeledTextfield.xib */,
			);
			path = UIElements;
			sourceTree = "<group>";
		};
		DF7CD22E2A08334B00FDC621 /* Cell */ = {
			isa = PBXGroup;
			children = (
				DFB004E929FED03400B2943E /* FavouritesPostCell.swift */,
				DF7CD2322A0833D100FDC621 /* FavouritesPostCell.xib */,
			);
			path = Cell;
			sourceTree = "<group>";
		};
		DFB004EC29FF346300B2943E /* PointDetails */ = {
			isa = PBXGroup;
			children = (
				DFB004EF29FF34B000B2943E /* PointDetailsViewController.swift */,
				DFB004ED29FF348A00B2943E /* PointDetailsViewController.storyboard */,
			);
			path = PointDetails;
			sourceTree = "<group>";
		};
		DFC9F6AB29C9FF1700B8BCE6 = {
			isa = PBXGroup;
			children = (
				DFC9F6B629C9FF1700B8BCE6 /* RoadFeatures */,
				DFC9F6B529C9FF1700B8BCE6 /* Products */,
			);
			sourceTree = "<group>";
		};
		DFC9F6B529C9FF1700B8BCE6 /* Products */ = {
			isa = PBXGroup;
			children = (
				DFC9F6B429C9FF1700B8BCE6 /* RoadFeatures.app */,
			);
			name = Products;
			sourceTree = "<group>";
		};
		DFC9F6B629C9FF1700B8BCE6 /* RoadFeatures */ = {
			isa = PBXGroup;
			children = (
				DF06827A2A1FE50A00BE72B5 /* Managers */,
				DF0682712A1BF9EB00BE72B5 /* AddPoint */,
				DF06826E2A1BF72C00BE72B5 /* Models */,
				DF7CD2292A082FDD00FDC621 /* UIElements */,
				DFCD9A3529F6967200D7A3EF /* Extensions */,
				DF3C5C0229F49DA50079D1DC /* Map */,
				DF3C5C0129F49CC10079D1DC /* Registration */,
				DF3C5C0029F49CAE0079D1DC /* LogIn */,
				DF3C5BFD29F425C30079D1DC /* Settings */,
				DF3C5BFA29F299820079D1DC /* Favourites */,
				DFB004EC29FF346300B2943E /* PointDetails */,
				DFC9F6B929C9FF1700B8BCE6 /* SceneDelegate.swift */,
				DFC9F6B729C9FF1700B8BCE6 /* AppDelegate.swift */,
				DFCD9A3829FA990700D7A3EF /* CustomTabBarController.swift */,
				DFC9F6C029C9FF1800B8BCE6 /* Assets.xcassets */,
				DFC9F6C229C9FF1800B8BCE6 /* LaunchScreen.storyboard */,
				DFC9F6C529C9FF1800B8BCE6 /* Info.plist */,
				DF5AC66B2A13E90100D1EBE6 /* GoogleService-Info.plist */,
			);
			path = RoadFeatures;
			sourceTree = "<group>";
		};
		DFCD9A3529F6967200D7A3EF /* Extensions */ = {
			isa = PBXGroup;
			children = (
				DFCD9A3629F696BE00D7A3EF /* UIViewController+Extension.swift */,
				DF7CD2352A0FC96900FDC621 /* UIView+Extensions.swift */,
			);
			path = Extensions;
			sourceTree = "<group>";
		};
/* End PBXGroup section */

/* Begin PBXNativeTarget section */
		DFC9F6B329C9FF1700B8BCE6 /* RoadFeatures */ = {
			isa = PBXNativeTarget;
			buildConfigurationList = DFC9F6C829C9FF1800B8BCE6 /* Build configuration list for PBXNativeTarget "RoadFeatures" */;
			buildPhases = (
				DFC9F6B029C9FF1700B8BCE6 /* Sources */,
				DFC9F6B129C9FF1700B8BCE6 /* Frameworks */,
				DFC9F6B229C9FF1700B8BCE6 /* Resources */,
			);
			buildRules = (
			);
			dependencies = (
			);
			name = RoadFeatures;
			packageProductDependencies = (
				DF5AC66E2A13EA4500D1EBE6 /* FirebaseAnalytics */,
				DF5AC6702A13EA4500D1EBE6 /* FirebaseAnalyticsOnDeviceConversion */,
				DF5AC6722A13EA4500D1EBE6 /* FirebaseAnalyticsSwift */,
				DF5AC6742A13EA4500D1EBE6 /* FirebaseAnalyticsWithoutAdIdSupport */,
				DF5AC6762A13EA4500D1EBE6 /* FirebaseAppCheck */,
				DF5AC6782A13EA4500D1EBE6 /* FirebaseAppDistribution-Beta */,
				DF5AC67A2A13EA4500D1EBE6 /* FirebaseAuth */,
				DF5AC67C2A13EA4500D1EBE6 /* FirebaseAuthCombine-Community */,
				DF5AC67E2A13EA4500D1EBE6 /* FirebaseCrashlytics */,
				DF5AC6802A13EA4500D1EBE6 /* FirebaseDatabase */,
				DF5AC6822A13EA4500D1EBE6 /* FirebaseDatabaseSwift */,
				DF5AC6842A13EA4500D1EBE6 /* FirebaseDynamicLinks */,
				DF5AC6862A13EA4500D1EBE6 /* FirebaseFirestore */,
				DF5AC6882A13EA4500D1EBE6 /* FirebaseFirestoreCombine-Community */,
				DF5AC68A2A13EA4500D1EBE6 /* FirebaseFirestoreSwift */,
				DF5AC68C2A13EA4500D1EBE6 /* FirebaseFunctions */,
				DF5AC68E2A13EA4500D1EBE6 /* FirebaseFunctionsCombine-Community */,
				DF5AC6902A13EA4500D1EBE6 /* FirebaseInAppMessaging-Beta */,
				DF5AC6922A13EA4500D1EBE6 /* FirebaseInAppMessagingSwift-Beta */,
				DF5AC6942A13EA4500D1EBE6 /* FirebaseInstallations */,
				DF5AC6962A13EA4500D1EBE6 /* FirebaseMLModelDownloader */,
				DF5AC6982A13EA4500D1EBE6 /* FirebaseMessaging */,
				DF5AC69A2A13EA4500D1EBE6 /* FirebasePerformance */,
				DF5AC69C2A13EA4500D1EBE6 /* FirebaseRemoteConfig */,
				DF5AC69E2A13EA4500D1EBE6 /* FirebaseRemoteConfigSwift */,
				DF5AC6A02A13EA4500D1EBE6 /* FirebaseStorage */,
				DF5AC6A22A13EA4500D1EBE6 /* FirebaseStorageCombine-Community */,
			);
			productName = RoadFeatures;
			productReference = DFC9F6B429C9FF1700B8BCE6 /* RoadFeatures.app */;
			productType = "com.apple.product-type.application";
		};
/* End PBXNativeTarget section */

/* Begin PBXProject section */
		DFC9F6AC29C9FF1700B8BCE6 /* Project object */ = {
			isa = PBXProject;
			attributes = {
				BuildIndependentTargetsInParallel = 1;
				LastSwiftUpdateCheck = 1420;
				LastUpgradeCheck = 1420;
				TargetAttributes = {
					DFC9F6B329C9FF1700B8BCE6 = {
						CreatedOnToolsVersion = 14.2;
					};
				};
			};
			buildConfigurationList = DFC9F6AF29C9FF1700B8BCE6 /* Build configuration list for PBXProject "RoadFeatures" */;
			compatibilityVersion = "Xcode 14.0";
			developmentRegion = en;
			hasScannedForEncodings = 0;
			knownRegions = (
				en,
				Base,
			);
			mainGroup = DFC9F6AB29C9FF1700B8BCE6;
			packageReferences = (
				DF5AC66D2A13EA4500D1EBE6 /* XCRemoteSwiftPackageReference "firebase-ios-sdk" */,
			);
			productRefGroup = DFC9F6B529C9FF1700B8BCE6 /* Products */;
			projectDirPath = "";
			projectRoot = "";
			targets = (
				DFC9F6B329C9FF1700B8BCE6 /* RoadFeatures */,
			);
		};
/* End PBXProject section */

/* Begin PBXResourcesBuildPhase section */
		DFC9F6B229C9FF1700B8BCE6 /* Resources */ = {
			isa = PBXResourcesBuildPhase;
			buildActionMask = 2147483647;
			files = (
				DF8A6BA529F4A4E8006C4646 /* LogIn.storyboard in Resources */,
				DFC9F6C429C9FF1800B8BCE6 /* LaunchScreen.storyboard in Resources */,
				DF3C5BFC29F29A780079D1DC /* FavouritesViewController.storyboard in Resources */,
				DF8A6BA129F49E8A006C4646 /* MapViewController.storyboard in Resources */,
				DF8A6BA329F4A4B2006C4646 /* Registration.storyboard in Resources */,
				DF7CD22D2A08305200FDC621 /* LabeledTextfield.xib in Resources */,
				DF0682772A1D562300BE72B5 /* AddPointViewController.storyboard in Resources */,
				DFB004EE29FF348A00B2943E /* PointDetailsViewController.storyboard in Resources */,
				DF3C5BFF29F425F20079D1DC /* SettingsViewController.storyboard in Resources */,
				DF5AC66C2A13E90100D1EBE6 /* GoogleService-Info.plist in Resources */,
				DF7CD2342A0833D100FDC621 /* FavouritesPostCell.xib in Resources */,
				DFC9F6C129C9FF1800B8BCE6 /* Assets.xcassets in Resources */,
			);
			runOnlyForDeploymentPostprocessing = 0;
		};
/* End PBXResourcesBuildPhase section */

/* Begin PBXSourcesBuildPhase section */
		DFC9F6B029C9FF1700B8BCE6 /* Sources */ = {
			isa = PBXSourcesBuildPhase;
			buildActionMask = 2147483647;
			files = (
				DFCD9A3729F696BE00D7A3EF /* UIViewController+Extension.swift in Sources */,
				DF28191D29CFC09C0096E0AC /* MapViewController.swift in Sources */,
				DFC9F6BC29C9FF1700B8BCE6 /* LoginViewController.swift in Sources */,
				DF3C5BF929F299050079D1DC /* FavouritesViewController.swift in Sources */,
				DFC9F6B829C9FF1700B8BCE6 /* AppDelegate.swift in Sources */,
				DF7CD2362A0FC96900FDC621 /* UIView+Extensions.swift in Sources */,
				DF28191B29CFC0200096E0AC /* RegistrationViewController.swift in Sources */,
				DFC9F6BA29C9FF1700B8BCE6 /* SceneDelegate.swift in Sources */,
				DF7CD22B2A08303F00FDC621 /* LabeledTextfield.swift in Sources */,
				DF0682742A1BFA1000BE72B5 /* AddPointViewController.swift in Sources */,
				DF3C5BF729F298FA0079D1DC /* SettingsViewController.swift in Sources */,
				DF06826D2A199A8B00BE72B5 /* LocationManager.swift in Sources */,
				DF06827C2A2168F200BE72B5 /* FirebaseManager.swift in Sources */,
				DF0682702A1BF74000BE72B5 /* Point.swift in Sources */,
				DFB004F029FF34B000B2943E /* PointDetailsViewController.swift in Sources */,
				DF0682792A1D825500BE72B5 /* PointManager.swift in Sources */,
				DFCD9A3929FA990700D7A3EF /* CustomTabBarController.swift in Sources */,
				DFB004EA29FED03400B2943E /* FavouritesPostCell.swift in Sources */,
			);
			runOnlyForDeploymentPostprocessing = 0;
		};
/* End PBXSourcesBuildPhase section */

/* Begin PBXVariantGroup section */
		DFC9F6C229C9FF1800B8BCE6 /* LaunchScreen.storyboard */ = {
			isa = PBXVariantGroup;
			children = (
				DFC9F6C329C9FF1800B8BCE6 /* Base */,
			);
			name = LaunchScreen.storyboard;
			sourceTree = "<group>";
		};
/* End PBXVariantGroup section */

/* Begin XCBuildConfiguration section */
		DFC9F6C629C9FF1800B8BCE6 /* Debug */ = {
			isa = XCBuildConfiguration;
			buildSettings = {
				ALWAYS_SEARCH_USER_PATHS = NO;
				CLANG_ANALYZER_NONNULL = YES;
				CLANG_ANALYZER_NUMBER_OBJECT_CONVERSION = YES_AGGRESSIVE;
				CLANG_CXX_LANGUAGE_STANDARD = "gnu++20";
				CLANG_ENABLE_MODULES = YES;
				CLANG_ENABLE_OBJC_ARC = YES;
				CLANG_ENABLE_OBJC_WEAK = YES;
				CLANG_WARN_BLOCK_CAPTURE_AUTORELEASING = YES;
				CLANG_WARN_BOOL_CONVERSION = YES;
				CLANG_WARN_COMMA = YES;
				CLANG_WARN_CONSTANT_CONVERSION = YES;
				CLANG_WARN_DEPRECATED_OBJC_IMPLEMENTATIONS = YES;
				CLANG_WARN_DIRECT_OBJC_ISA_USAGE = YES_ERROR;
				CLANG_WARN_DOCUMENTATION_COMMENTS = YES;
				CLANG_WARN_EMPTY_BODY = YES;
				CLANG_WARN_ENUM_CONVERSION = YES;
				CLANG_WARN_INFINITE_RECURSION = YES;
				CLANG_WARN_INT_CONVERSION = YES;
				CLANG_WARN_NON_LITERAL_NULL_CONVERSION = YES;
				CLANG_WARN_OBJC_IMPLICIT_RETAIN_SELF = YES;
				CLANG_WARN_OBJC_LITERAL_CONVERSION = YES;
				CLANG_WARN_OBJC_ROOT_CLASS = YES_ERROR;
				CLANG_WARN_QUOTED_INCLUDE_IN_FRAMEWORK_HEADER = YES;
				CLANG_WARN_RANGE_LOOP_ANALYSIS = YES;
				CLANG_WARN_STRICT_PROTOTYPES = YES;
				CLANG_WARN_SUSPICIOUS_MOVE = YES;
				CLANG_WARN_UNGUARDED_AVAILABILITY = YES_AGGRESSIVE;
				CLANG_WARN_UNREACHABLE_CODE = YES;
				CLANG_WARN__DUPLICATE_METHOD_MATCH = YES;
				COPY_PHASE_STRIP = NO;
				DEBUG_INFORMATION_FORMAT = dwarf;
				ENABLE_STRICT_OBJC_MSGSEND = YES;
				ENABLE_TESTABILITY = YES;
				GCC_C_LANGUAGE_STANDARD = gnu11;
				GCC_DYNAMIC_NO_PIC = NO;
				GCC_NO_COMMON_BLOCKS = YES;
				GCC_OPTIMIZATION_LEVEL = 0;
				GCC_PREPROCESSOR_DEFINITIONS = (
					"DEBUG=1",
					"$(inherited)",
				);
				GCC_WARN_64_TO_32_BIT_CONVERSION = YES;
				GCC_WARN_ABOUT_RETURN_TYPE = YES_ERROR;
				GCC_WARN_UNDECLARED_SELECTOR = YES;
				GCC_WARN_UNINITIALIZED_AUTOS = YES_AGGRESSIVE;
				GCC_WARN_UNUSED_FUNCTION = YES;
				GCC_WARN_UNUSED_VARIABLE = YES;
				IPHONEOS_DEPLOYMENT_TARGET = 16.2;
				MTL_ENABLE_DEBUG_INFO = INCLUDE_SOURCE;
				MTL_FAST_MATH = YES;
				ONLY_ACTIVE_ARCH = YES;
				SDKROOT = iphoneos;
				SWIFT_ACTIVE_COMPILATION_CONDITIONS = DEBUG;
				SWIFT_OPTIMIZATION_LEVEL = "-Onone";
			};
			name = Debug;
		};
		DFC9F6C729C9FF1800B8BCE6 /* Release */ = {
			isa = XCBuildConfiguration;
			buildSettings = {
				ALWAYS_SEARCH_USER_PATHS = NO;
				CLANG_ANALYZER_NONNULL = YES;
				CLANG_ANALYZER_NUMBER_OBJECT_CONVERSION = YES_AGGRESSIVE;
				CLANG_CXX_LANGUAGE_STANDARD = "gnu++20";
				CLANG_ENABLE_MODULES = YES;
				CLANG_ENABLE_OBJC_ARC = YES;
				CLANG_ENABLE_OBJC_WEAK = YES;
				CLANG_WARN_BLOCK_CAPTURE_AUTORELEASING = YES;
				CLANG_WARN_BOOL_CONVERSION = YES;
				CLANG_WARN_COMMA = YES;
				CLANG_WARN_CONSTANT_CONVERSION = YES;
				CLANG_WARN_DEPRECATED_OBJC_IMPLEMENTATIONS = YES;
				CLANG_WARN_DIRECT_OBJC_ISA_USAGE = YES_ERROR;
				CLANG_WARN_DOCUMENTATION_COMMENTS = YES;
				CLANG_WARN_EMPTY_BODY = YES;
				CLANG_WARN_ENUM_CONVERSION = YES;
				CLANG_WARN_INFINITE_RECURSION = YES;
				CLANG_WARN_INT_CONVERSION = YES;
				CLANG_WARN_NON_LITERAL_NULL_CONVERSION = YES;
				CLANG_WARN_OBJC_IMPLICIT_RETAIN_SELF = YES;
				CLANG_WARN_OBJC_LITERAL_CONVERSION = YES;
				CLANG_WARN_OBJC_ROOT_CLASS = YES_ERROR;
				CLANG_WARN_QUOTED_INCLUDE_IN_FRAMEWORK_HEADER = YES;
				CLANG_WARN_RANGE_LOOP_ANALYSIS = YES;
				CLANG_WARN_STRICT_PROTOTYPES = YES;
				CLANG_WARN_SUSPICIOUS_MOVE = YES;
				CLANG_WARN_UNGUARDED_AVAILABILITY = YES_AGGRESSIVE;
				CLANG_WARN_UNREACHABLE_CODE = YES;
				CLANG_WARN__DUPLICATE_METHOD_MATCH = YES;
				COPY_PHASE_STRIP = NO;
				DEBUG_INFORMATION_FORMAT = "dwarf-with-dsym";
				ENABLE_NS_ASSERTIONS = NO;
				ENABLE_STRICT_OBJC_MSGSEND = YES;
				GCC_C_LANGUAGE_STANDARD = gnu11;
				GCC_NO_COMMON_BLOCKS = YES;
				GCC_WARN_64_TO_32_BIT_CONVERSION = YES;
				GCC_WARN_ABOUT_RETURN_TYPE = YES_ERROR;
				GCC_WARN_UNDECLARED_SELECTOR = YES;
				GCC_WARN_UNINITIALIZED_AUTOS = YES_AGGRESSIVE;
				GCC_WARN_UNUSED_FUNCTION = YES;
				GCC_WARN_UNUSED_VARIABLE = YES;
				IPHONEOS_DEPLOYMENT_TARGET = 16.2;
				MTL_ENABLE_DEBUG_INFO = NO;
				MTL_FAST_MATH = YES;
				SDKROOT = iphoneos;
				SWIFT_COMPILATION_MODE = wholemodule;
				SWIFT_OPTIMIZATION_LEVEL = "-O";
				VALIDATE_PRODUCT = YES;
			};
			name = Release;
		};
		DFC9F6C929C9FF1800B8BCE6 /* Debug */ = {
			isa = XCBuildConfiguration;
			buildSettings = {
				ASSETCATALOG_COMPILER_APPICON_NAME = AppIcon;
				ASSETCATALOG_COMPILER_GLOBAL_ACCENT_COLOR_NAME = AccentColor;
				ASSETCATALOG_COMPILER_INCLUDE_ALL_APPICON_ASSETS = NO;
				CODE_SIGN_STYLE = Automatic;
				CURRENT_PROJECT_VERSION = 1;
				DEVELOPMENT_TEAM = KZ9J38TUDC;
				GENERATE_INFOPLIST_FILE = YES;
				INFOPLIST_FILE = RoadFeatures/Info.plist;
				INFOPLIST_KEY_CFBundleDisplayName = SocialMap;
				INFOPLIST_KEY_UIApplicationSupportsIndirectInputEvents = YES;
				INFOPLIST_KEY_UILaunchStoryboardName = LaunchScreen;
				INFOPLIST_KEY_UIMainStoryboardFile = MapViewController;
				INFOPLIST_KEY_UIStatusBarStyle = "";
				INFOPLIST_KEY_UISupportedInterfaceOrientations = UIInterfaceOrientationPortrait;
				INFOPLIST_KEY_UIUserInterfaceStyle = Light;
				IPHONEOS_DEPLOYMENT_TARGET = 15.0;
				LD_RUNPATH_SEARCH_PATHS = (
					"$(inherited)",
					"@executable_path/Frameworks",
				);
				MARKETING_VERSION = 1.0;
				PRODUCT_BUNDLE_IDENTIFIER = AlexN0Y.RoadFeatures;
				PRODUCT_NAME = "$(TARGET_NAME)";
				SUPPORTED_PLATFORMS = "iphoneos iphonesimulator";
				SUPPORTS_MACCATALYST = NO;
				SUPPORTS_MAC_DESIGNED_FOR_IPHONE_IPAD = NO;
				SWIFT_EMIT_LOC_STRINGS = YES;
				SWIFT_VERSION = 5.0;
				TARGETED_DEVICE_FAMILY = 1;
			};
			name = Debug;
		};
		DFC9F6CA29C9FF1800B8BCE6 /* Release */ = {
			isa = XCBuildConfiguration;
			buildSettings = {
				ASSETCATALOG_COMPILER_APPICON_NAME = AppIcon;
				ASSETCATALOG_COMPILER_GLOBAL_ACCENT_COLOR_NAME = AccentColor;
				ASSETCATALOG_COMPILER_INCLUDE_ALL_APPICON_ASSETS = NO;
				CODE_SIGN_STYLE = Automatic;
				CURRENT_PROJECT_VERSION = 1;
				DEVELOPMENT_TEAM = KZ9J38TUDC;
				GENERATE_INFOPLIST_FILE = YES;
				INFOPLIST_FILE = RoadFeatures/Info.plist;
				INFOPLIST_KEY_CFBundleDisplayName = SocialMap;
				INFOPLIST_KEY_UIApplicationSupportsIndirectInputEvents = YES;
				INFOPLIST_KEY_UILaunchStoryboardName = LaunchScreen;
				INFOPLIST_KEY_UIMainStoryboardFile = MapViewController;
				INFOPLIST_KEY_UIStatusBarStyle = "";
				INFOPLIST_KEY_UISupportedInterfaceOrientations = UIInterfaceOrientationPortrait;
				INFOPLIST_KEY_UIUserInterfaceStyle = Light;
				IPHONEOS_DEPLOYMENT_TARGET = 15.0;
				LD_RUNPATH_SEARCH_PATHS = (
					"$(inherited)",
					"@executable_path/Frameworks",
				);
				MARKETING_VERSION = 1.0;
				PRODUCT_BUNDLE_IDENTIFIER = AlexN0Y.RoadFeatures;
				PRODUCT_NAME = "$(TARGET_NAME)";
				SUPPORTED_PLATFORMS = "iphoneos iphonesimulator";
				SUPPORTS_MACCATALYST = NO;
				SUPPORTS_MAC_DESIGNED_FOR_IPHONE_IPAD = NO;
				SWIFT_EMIT_LOC_STRINGS = YES;
				SWIFT_VERSION = 5.0;
				TARGETED_DEVICE_FAMILY = 1;
			};
			name = Release;
		};
/* End XCBuildConfiguration section */

/* Begin XCConfigurationList section */
		DFC9F6AF29C9FF1700B8BCE6 /* Build configuration list for PBXProject "RoadFeatures" */ = {
			isa = XCConfigurationList;
			buildConfigurations = (
				DFC9F6C629C9FF1800B8BCE6 /* Debug */,
				DFC9F6C729C9FF1800B8BCE6 /* Release */,
			);
			defaultConfigurationIsVisible = 0;
			defaultConfigurationName = Release;
		};
		DFC9F6C829C9FF1800B8BCE6 /* Build configuration list for PBXNativeTarget "RoadFeatures" */ = {
			isa = XCConfigurationList;
			buildConfigurations = (
				DFC9F6C929C9FF1800B8BCE6 /* Debug */,
				DFC9F6CA29C9FF1800B8BCE6 /* Release */,
			);
			defaultConfigurationIsVisible = 0;
			defaultConfigurationName = Release;
		};
/* End XCConfigurationList section */

/* Begin XCRemoteSwiftPackageReference section */
		DF5AC66D2A13EA4500D1EBE6 /* XCRemoteSwiftPackageReference "firebase-ios-sdk" */ = {
			isa = XCRemoteSwiftPackageReference;
			repositoryURL = "https://github.com/firebase/firebase-ios-sdk";
			requirement = {
				kind = upToNextMinorVersion;
				minimumVersion = 10.9.0;
			};
		};
/* End XCRemoteSwiftPackageReference section */

/* Begin XCSwiftPackageProductDependency section */
		DF5AC66E2A13EA4500D1EBE6 /* FirebaseAnalytics */ = {
			isa = XCSwiftPackageProductDependency;
			package = DF5AC66D2A13EA4500D1EBE6 /* XCRemoteSwiftPackageReference "firebase-ios-sdk" */;
			productName = FirebaseAnalytics;
		};
		DF5AC6702A13EA4500D1EBE6 /* FirebaseAnalyticsOnDeviceConversion */ = {
			isa = XCSwiftPackageProductDependency;
			package = DF5AC66D2A13EA4500D1EBE6 /* XCRemoteSwiftPackageReference "firebase-ios-sdk" */;
			productName = FirebaseAnalyticsOnDeviceConversion;
		};
		DF5AC6722A13EA4500D1EBE6 /* FirebaseAnalyticsSwift */ = {
			isa = XCSwiftPackageProductDependency;
			package = DF5AC66D2A13EA4500D1EBE6 /* XCRemoteSwiftPackageReference "firebase-ios-sdk" */;
			productName = FirebaseAnalyticsSwift;
		};
		DF5AC6742A13EA4500D1EBE6 /* FirebaseAnalyticsWithoutAdIdSupport */ = {
			isa = XCSwiftPackageProductDependency;
			package = DF5AC66D2A13EA4500D1EBE6 /* XCRemoteSwiftPackageReference "firebase-ios-sdk" */;
			productName = FirebaseAnalyticsWithoutAdIdSupport;
		};
		DF5AC6762A13EA4500D1EBE6 /* FirebaseAppCheck */ = {
			isa = XCSwiftPackageProductDependency;
			package = DF5AC66D2A13EA4500D1EBE6 /* XCRemoteSwiftPackageReference "firebase-ios-sdk" */;
			productName = FirebaseAppCheck;
		};
		DF5AC6782A13EA4500D1EBE6 /* FirebaseAppDistribution-Beta */ = {
			isa = XCSwiftPackageProductDependency;
			package = DF5AC66D2A13EA4500D1EBE6 /* XCRemoteSwiftPackageReference "firebase-ios-sdk" */;
			productName = "FirebaseAppDistribution-Beta";
		};
		DF5AC67A2A13EA4500D1EBE6 /* FirebaseAuth */ = {
			isa = XCSwiftPackageProductDependency;
			package = DF5AC66D2A13EA4500D1EBE6 /* XCRemoteSwiftPackageReference "firebase-ios-sdk" */;
			productName = FirebaseAuth;
		};
		DF5AC67C2A13EA4500D1EBE6 /* FirebaseAuthCombine-Community */ = {
			isa = XCSwiftPackageProductDependency;
			package = DF5AC66D2A13EA4500D1EBE6 /* XCRemoteSwiftPackageReference "firebase-ios-sdk" */;
			productName = "FirebaseAuthCombine-Community";
		};
		DF5AC67E2A13EA4500D1EBE6 /* FirebaseCrashlytics */ = {
			isa = XCSwiftPackageProductDependency;
			package = DF5AC66D2A13EA4500D1EBE6 /* XCRemoteSwiftPackageReference "firebase-ios-sdk" */;
			productName = FirebaseCrashlytics;
		};
		DF5AC6802A13EA4500D1EBE6 /* FirebaseDatabase */ = {
			isa = XCSwiftPackageProductDependency;
			package = DF5AC66D2A13EA4500D1EBE6 /* XCRemoteSwiftPackageReference "firebase-ios-sdk" */;
			productName = FirebaseDatabase;
		};
		DF5AC6822A13EA4500D1EBE6 /* FirebaseDatabaseSwift */ = {
			isa = XCSwiftPackageProductDependency;
			package = DF5AC66D2A13EA4500D1EBE6 /* XCRemoteSwiftPackageReference "firebase-ios-sdk" */;
			productName = FirebaseDatabaseSwift;
		};
		DF5AC6842A13EA4500D1EBE6 /* FirebaseDynamicLinks */ = {
			isa = XCSwiftPackageProductDependency;
			package = DF5AC66D2A13EA4500D1EBE6 /* XCRemoteSwiftPackageReference "firebase-ios-sdk" */;
			productName = FirebaseDynamicLinks;
		};
		DF5AC6862A13EA4500D1EBE6 /* FirebaseFirestore */ = {
			isa = XCSwiftPackageProductDependency;
			package = DF5AC66D2A13EA4500D1EBE6 /* XCRemoteSwiftPackageReference "firebase-ios-sdk" */;
			productName = FirebaseFirestore;
		};
		DF5AC6882A13EA4500D1EBE6 /* FirebaseFirestoreCombine-Community */ = {
			isa = XCSwiftPackageProductDependency;
			package = DF5AC66D2A13EA4500D1EBE6 /* XCRemoteSwiftPackageReference "firebase-ios-sdk" */;
			productName = "FirebaseFirestoreCombine-Community";
		};
		DF5AC68A2A13EA4500D1EBE6 /* FirebaseFirestoreSwift */ = {
			isa = XCSwiftPackageProductDependency;
			package = DF5AC66D2A13EA4500D1EBE6 /* XCRemoteSwiftPackageReference "firebase-ios-sdk" */;
			productName = FirebaseFirestoreSwift;
		};
		DF5AC68C2A13EA4500D1EBE6 /* FirebaseFunctions */ = {
			isa = XCSwiftPackageProductDependency;
			package = DF5AC66D2A13EA4500D1EBE6 /* XCRemoteSwiftPackageReference "firebase-ios-sdk" */;
			productName = FirebaseFunctions;
		};
		DF5AC68E2A13EA4500D1EBE6 /* FirebaseFunctionsCombine-Community */ = {
			isa = XCSwiftPackageProductDependency;
			package = DF5AC66D2A13EA4500D1EBE6 /* XCRemoteSwiftPackageReference "firebase-ios-sdk" */;
			productName = "FirebaseFunctionsCombine-Community";
		};
		DF5AC6902A13EA4500D1EBE6 /* FirebaseInAppMessaging-Beta */ = {
			isa = XCSwiftPackageProductDependency;
			package = DF5AC66D2A13EA4500D1EBE6 /* XCRemoteSwiftPackageReference "firebase-ios-sdk" */;
			productName = "FirebaseInAppMessaging-Beta";
		};
		DF5AC6922A13EA4500D1EBE6 /* FirebaseInAppMessagingSwift-Beta */ = {
			isa = XCSwiftPackageProductDependency;
			package = DF5AC66D2A13EA4500D1EBE6 /* XCRemoteSwiftPackageReference "firebase-ios-sdk" */;
			productName = "FirebaseInAppMessagingSwift-Beta";
		};
		DF5AC6942A13EA4500D1EBE6 /* FirebaseInstallations */ = {
			isa = XCSwiftPackageProductDependency;
			package = DF5AC66D2A13EA4500D1EBE6 /* XCRemoteSwiftPackageReference "firebase-ios-sdk" */;
			productName = FirebaseInstallations;
		};
		DF5AC6962A13EA4500D1EBE6 /* FirebaseMLModelDownloader */ = {
			isa = XCSwiftPackageProductDependency;
			package = DF5AC66D2A13EA4500D1EBE6 /* XCRemoteSwiftPackageReference "firebase-ios-sdk" */;
			productName = FirebaseMLModelDownloader;
		};
		DF5AC6982A13EA4500D1EBE6 /* FirebaseMessaging */ = {
			isa = XCSwiftPackageProductDependency;
			package = DF5AC66D2A13EA4500D1EBE6 /* XCRemoteSwiftPackageReference "firebase-ios-sdk" */;
			productName = FirebaseMessaging;
		};
		DF5AC69A2A13EA4500D1EBE6 /* FirebasePerformance */ = {
			isa = XCSwiftPackageProductDependency;
			package = DF5AC66D2A13EA4500D1EBE6 /* XCRemoteSwiftPackageReference "firebase-ios-sdk" */;
			productName = FirebasePerformance;
		};
		DF5AC69C2A13EA4500D1EBE6 /* FirebaseRemoteConfig */ = {
			isa = XCSwiftPackageProductDependency;
			package = DF5AC66D2A13EA4500D1EBE6 /* XCRemoteSwiftPackageReference "firebase-ios-sdk" */;
			productName = FirebaseRemoteConfig;
		};
		DF5AC69E2A13EA4500D1EBE6 /* FirebaseRemoteConfigSwift */ = {
			isa = XCSwiftPackageProductDependency;
			package = DF5AC66D2A13EA4500D1EBE6 /* XCRemoteSwiftPackageReference "firebase-ios-sdk" */;
			productName = FirebaseRemoteConfigSwift;
		};
		DF5AC6A02A13EA4500D1EBE6 /* FirebaseStorage */ = {
			isa = XCSwiftPackageProductDependency;
			package = DF5AC66D2A13EA4500D1EBE6 /* XCRemoteSwiftPackageReference "firebase-ios-sdk" */;
			productName = FirebaseStorage;
		};
		DF5AC6A22A13EA4500D1EBE6 /* FirebaseStorageCombine-Community */ = {
			isa = XCSwiftPackageProductDependency;
			package = DF5AC66D2A13EA4500D1EBE6 /* XCRemoteSwiftPackageReference "firebase-ios-sdk" */;
			productName = "FirebaseStorageCombine-Community";
		};
/* End XCSwiftPackageProductDependency section */
	};
	rootObject = DFC9F6AC29C9FF1700B8BCE6 /* Project object */;
}
